
Microsoft Visual Studio Solution File, Format Version 12.00
# Visual Studio 14
VisualStudioVersion = 14.0.25420.1
MinimumVisualStudioVersion = 10.0.40219.1
Project("{FAE04EC0-301F-11D3-BF4B-00C04F79EFBC}") = "Consola.AspNet", "Consola.AspNet\Consola.AspNet.csproj", "{8EE3BD16-6CDC-45A6-B0EA-7A553CD15B03}"
EndProject
Project("{2150E333-8FDC-42A3-9474-1A3956D46DE8}") = "Solution_Items", "Solution_Items", "{941246DB-770B-474A-95DC-CDCBFA1900CF}"
	ProjectSection(SolutionItems) = preProject
		.gitattributes = .gitattributes
		.gitignore = .gitignore
		appveyor.yml = appveyor.yml
		README.md = README.md
	EndProjectSection
EndProject
Project("{FAE04EC0-301F-11D3-BF4B-00C04F79EFBC}") = "Consola.Tests", "Consola.Tests\Consola.Tests.csproj", "{52968C3C-7E53-47F6-9461-E050503C5D98}"
EndProject
Project("{FAE04EC0-301F-11D3-BF4B-00C04F79EFBC}") = "Consola.SelfHost", "Consola.SelfHost\Consola.SelfHost.csproj", "{EBE6A7B4-AC8A-43A3-BDB5-095749EB0CDA}"
EndProject
Project("{FAE04EC0-301F-11D3-BF4B-00C04F79EFBC}") = "Consola", "Consola\Consola.csproj", "{ED4B4484-60BA-419E-880C-77E58CF8D6E8}"
EndProject
Global
	GlobalSection(SolutionConfigurationPlatforms) = preSolution
		Debug|Any CPU = Debug|Any CPU
		Release|Any CPU = Release|Any CPU
	EndGlobalSection
	GlobalSection(ProjectConfigurationPlatforms) = postSolution
		{8EE3BD16-6CDC-45A6-B0EA-7A553CD15B03}.Debug|Any CPU.ActiveCfg = Debug|Any CPU
		{8EE3BD16-6CDC-45A6-B0EA-7A553CD15B03}.Debug|Any CPU.Build.0 = Debug|Any CPU
		{8EE3BD16-6CDC-45A6-B0EA-7A553CD15B03}.Release|Any CPU.ActiveCfg = Release|Any CPU
		{8EE3BD16-6CDC-45A6-B0EA-7A553CD15B03}.Release|Any CPU.Build.0 = Release|Any CPU
		{52968C3C-7E53-47F6-9461-E050503C5D98}.Debug|Any CPU.ActiveCfg = Debug|Any CPU
		{52968C3C-7E53-47F6-9461-E050503C5D98}.Debug|Any CPU.Build.0 = Debug|Any CPU
		{52968C3C-7E53-47F6-9461-E050503C5D98}.Release|Any CPU.ActiveCfg = Release|Any CPU
		{52968C3C-7E53-47F6-9461-E050503C5D98}.Release|Any CPU.Build.0 = Release|Any CPU
		{EBE6A7B4-AC8A-43A3-BDB5-095749EB0CDA}.Debug|Any CPU.ActiveCfg = Debug|Any CPU
		{EBE6A7B4-AC8A-43A3-BDB5-095749EB0CDA}.Debug|Any CPU.Build.0 = Debug|Any CPU
		{EBE6A7B4-AC8A-43A3-BDB5-095749EB0CDA}.Release|Any CPU.ActiveCfg = Release|Any CPU
		{EBE6A7B4-AC8A-43A3-BDB5-095749EB0CDA}.Release|Any CPU.Build.0 = Release|Any CPU
		{ED4B4484-60BA-419E-880C-77E58CF8D6E8}.Debug|Any CPU.ActiveCfg = Debug|Any CPU
		{ED4B4484-60BA-419E-880C-77E58CF8D6E8}.Debug|Any CPU.Build.0 = Debug|Any CPU
		{ED4B4484-60BA-419E-880C-77E58CF8D6E8}.Release|Any CPU.ActiveCfg = Release|Any CPU
		{ED4B4484-60BA-419E-880C-77E58CF8D6E8}.Release|Any CPU.Build.0 = Release|Any CPU
	EndGlobalSection
	GlobalSection(SolutionProperties) = preSolution
		HideSolutionNode = FALSE
	EndGlobalSection
EndGlobal
